
Microsoft Visual Studio Solution File, Format Version 12.00
# Visual Studio Version 18
VisualStudioVersion = 18.4.11612.150 stable
MinimumVisualStudioVersion = 10.0.40219.1
Project("{FAE04EC0-301F-11D3-BF4B-00C04F79EFBC}") = "DulceCanastaModulo4", "DulceCanastaModulo4.csproj", "{6183AB01-1D14-0AB8-1D5E-6511B4DCF532}"
EndProject
Global
	GlobalSection(SolutionConfigurationPlatforms) = preSolution
		Debug|Any CPU = Debug|Any CPU
		Release|Any CPU = Release|Any CPU
	EndGlobalSection
	GlobalSection(ProjectConfigurationPlatforms) = postSolution
		{6183AB01-1D14-0AB8-1D5E-6511B4DCF532}.Debug|Any CPU.ActiveCfg = Debug|Any CPU
		{6183AB01-1D14-0AB8-1D5E-6511B4DCF532}.Debug|Any CPU.Build.0 = Debug|Any CPU
		{6183AB01-1D14-0AB8-1D5E-6511B4DCF532}.Release|Any CPU.ActiveCfg = Release|Any CPU
		{6183AB01-1D14-0AB8-1D5E-6511B4DCF532}.Release|Any CPU.Build.0 = Release|Any CPU
	EndGlobalSection
	GlobalSection(SolutionProperties) = preSolution
		HideSolutionNode = FALSE
	EndGlobalSection
	GlobalSection(ExtensibilityGlobals) = postSolution
		SolutionGuid = {27AD1C14-745D-468F-B873-6137F6367390}
	EndGlobalSection
EndGlobal
